# THIS IS AN AUTOGENERATED FILE. DO NOT EDIT THIS FILE DIRECTLY.
# yarn lockfile v1
de-indent@^1.0.2:
  version "1.0.2"
  resolved "http://registry.npm.taobao.org/de-indent/download/de-indent-1.0.2.tgz#b2038e846dc33baa5796128d0804b455b8c1e21d"

hash-sum:
  version "1.0.2"
  resolved "http://registry.npm.taobao.org/hash-sum/download/hash-sum-1.0.2.tgz#33b40777754c6432573c120cc3808bbd10d47f04"

he@^1.1.0:
  version "1.1.0"
  resolved "http://registry.npm.taobao.org/he/download/he-1.1.0.tgz#29319d49beec13a9b1f3c4f9b2a6dde4859bb2a7"

lru-cache:
  version "4.0.1"
  resolved "http://registry.npm.taobao.org/lru-cache/download/lru-cache-4.0.1.tgz#1343955edaf2e37d9b9e7ee7241e27c4b9fb72be"
  dependencies:
    pseudomap "^1.0.1"
    yallist "^2.0.0"

pseudomap@^1.0.1:
  version "1.0.2"
  resolved "http://registry.npm.taobao.org/pseudomap/download/pseudomap-1.0.2.tgz#f052a28da70e618917ef0a8ac34c1ae5a68286b3"

vue-template-compiler:
  version "2.0.8"
  resolved "http://registry.npm.taobao.org/vue-template-compiler/download/vue-template-compiler-2.0.8.tgz#e91e1ed6b9b7404f8394166cfeb53eb8b620329a"
  dependencies:
    de-indent "^1.0.2"
    he "^1.1.0"

yallist@^2.0.0:
  version "2.0.0"
  resolved "http://registry.npm.taobao.org/yallist/download/yallist-2.0.0.tgz#306c543835f09ee1a4cb23b7bce9ab341c91cdd4"

